
Microsoft Visual Studio Solution File, Format Version 12.00
Project("{FAE04EC0-301F-11D3-BF4B-00C04F79EFBC}") = "Backup.Client", "Backup.Client\Backup.Client.csproj", "{C6838599-F989-452C-97E7-7C25373E1D55}"
EndProject
Project("{FAE04EC0-301F-11D3-BF4B-00C04F79EFBC}") = "Backup.API", "Backup.API\Backup.API.csproj", "{CE66214E-5E98-4992-9EDF-E21E0647B772}"
EndProject
Project("{FAE04EC0-301F-11D3-BF4B-00C04F79EFBC}") = "Backup.Abstractions", "Backup.Abstractions\Backup.Abstractions.csproj", "{DAE848D8-4685-4991-911D-838821660E15}"
EndProject
Global
	GlobalSection(SolutionConfigurationPlatforms) = preSolution
		Debug|Any CPU = Debug|Any CPU
		Release|Any CPU = Release|Any CPU
	EndGlobalSection
	GlobalSection(ProjectConfigurationPlatforms) = postSolution
		{9E996CC8-1166-4285-8F30-6B76B0CE3324}.Debug|Any CPU.ActiveCfg = Debug|Any CPU
		{9E996CC8-1166-4285-8F30-6B76B0CE3324}.Debug|Any CPU.Build.0 = Debug|Any CPU
		{9E996CC8-1166-4285-8F30-6B76B0CE3324}.Release|Any CPU.ActiveCfg = Release|Any CPU
		{9E996CC8-1166-4285-8F30-6B76B0CE3324}.Release|Any CPU.Build.0 = Release|Any CPU
		{0CADA2DB-E0B9-4451-A35A-BBE42941294B}.Debug|Any CPU.ActiveCfg = Debug|Any CPU
		{0CADA2DB-E0B9-4451-A35A-BBE42941294B}.Debug|Any CPU.Build.0 = Debug|Any CPU
		{0CADA2DB-E0B9-4451-A35A-BBE42941294B}.Release|Any CPU.ActiveCfg = Release|Any CPU
		{0CADA2DB-E0B9-4451-A35A-BBE42941294B}.Release|Any CPU.Build.0 = Release|Any CPU
		{C6838599-F989-452C-97E7-7C25373E1D55}.Debug|Any CPU.ActiveCfg = Debug|Any CPU
		{C6838599-F989-452C-97E7-7C25373E1D55}.Debug|Any CPU.Build.0 = Debug|Any CPU
		{C6838599-F989-452C-97E7-7C25373E1D55}.Release|Any CPU.ActiveCfg = Release|Any CPU
		{C6838599-F989-452C-97E7-7C25373E1D55}.Release|Any CPU.Build.0 = Release|Any CPU
		{DD5E27A3-1862-4074-A27D-7A1DCBF5857C}.Debug|Any CPU.ActiveCfg = Debug|Any CPU
		{DD5E27A3-1862-4074-A27D-7A1DCBF5857C}.Debug|Any CPU.Build.0 = Debug|Any CPU
		{DD5E27A3-1862-4074-A27D-7A1DCBF5857C}.Release|Any CPU.ActiveCfg = Release|Any CPU
		{DD5E27A3-1862-4074-A27D-7A1DCBF5857C}.Release|Any CPU.Build.0 = Release|Any CPU
		{02126588-FFA2-448A-9133-34E320FFC92D}.Debug|Any CPU.ActiveCfg = Debug|Any CPU
		{02126588-FFA2-448A-9133-34E320FFC92D}.Debug|Any CPU.Build.0 = Debug|Any CPU
		{02126588-FFA2-448A-9133-34E320FFC92D}.Release|Any CPU.ActiveCfg = Release|Any CPU
		{02126588-FFA2-448A-9133-34E320FFC92D}.Release|Any CPU.Build.0 = Release|Any CPU
		{CE66214E-5E98-4992-9EDF-E21E0647B772}.Debug|Any CPU.ActiveCfg = Debug|Any CPU
		{CE66214E-5E98-4992-9EDF-E21E0647B772}.Debug|Any CPU.Build.0 = Debug|Any CPU
		{CE66214E-5E98-4992-9EDF-E21E0647B772}.Release|Any CPU.ActiveCfg = Release|Any CPU
		{CE66214E-5E98-4992-9EDF-E21E0647B772}.Release|Any CPU.Build.0 = Release|Any CPU
		{DAE848D8-4685-4991-911D-838821660E15}.Debug|Any CPU.ActiveCfg = Debug|Any CPU
		{DAE848D8-4685-4991-911D-838821660E15}.Debug|Any CPU.Build.0 = Debug|Any CPU
		{DAE848D8-4685-4991-911D-838821660E15}.Release|Any CPU.ActiveCfg = Release|Any CPU
		{DAE848D8-4685-4991-911D-838821660E15}.Release|Any CPU.Build.0 = Release|Any CPU
	EndGlobalSection
EndGlobal
